
Microsoft Visual Studio Solution File, Format Version 12.00
# Visual Studio Version 17
VisualStudioVersion = 17.1.32210.238
MinimumVisualStudioVersion = 10.0.40219.1
Project("{FAE04EC0-301F-11D3-BF4B-00C04F79EFBC}") = "ProjectSerilog", "ProjectSerilog\ProjectSerilog.csproj", "{7A15D1E5-DE55-4E3C-93FD-EAE6E38F6E03}"
EndProject
Global
	GlobalSection(SolutionConfigurationPlatforms) = preSolution
		Debug|Any CPU = Debug|Any CPU
		Release|Any CPU = Release|Any CPU
	EndGlobalSection
	GlobalSection(ProjectConfigurationPlatforms) = postSolution
		{7A15D1E5-DE55-4E3C-93FD-EAE6E38F6E03}.Debug|Any CPU.ActiveCfg = Debug|Any CPU
		{7A15D1E5-DE55-4E3C-93FD-EAE6E38F6E03}.Debug|Any CPU.Build.0 = Debug|Any CPU
		{7A15D1E5-DE55-4E3C-93FD-EAE6E38F6E03}.Release|Any CPU.ActiveCfg = Release|Any CPU
		{7A15D1E5-DE55-4E3C-93FD-EAE6E38F6E03}.Release|Any CPU.Build.0 = Release|Any CPU
	EndGlobalSection
	GlobalSection(SolutionProperties) = preSolution
		HideSolutionNode = FALSE
	EndGlobalSection
	GlobalSection(ExtensibilityGlobals) = postSolution
		SolutionGuid = {2023800E-F258-43B0-A8BF-2C9788800368}
	EndGlobalSection
EndGlobal
